<?xml version="1.0" encoding="utf-8"?>
<Project ToolsVersion="4.0" xmlns="http://schemas.microsoft.com/developer/msbuild/2003">
  <ItemGroup>
    <Filter Include="Source Files">
      <UniqueIdentifier>{4FC737F1-C7A5-4376-A066-2A32D752A2FF}</UniqueIdentifier>
      <Extensions>cpp;c;cc;cxx;def;odl;idl;hpj;bat;asm;asmx</Extensions>
    </Filter>
    <Filter Include="Header Files">
      <UniqueIdentifier>{93995380-89BD-4b04-88EB-625FBE52EBFB}</UniqueIdentifier>
      <Extensions>h;hpp;hxx;hm;inl;inc;xsd</Extensions>
    </Filter>
    <Filter Include="Chromium Header Files">
      <UniqueIdentifier>{3dc7a827-ae4e-4437-91d6-48eac3bc97b8}</UniqueIdentifier>
    </Filter>
    <Filter Include="Chromium Source Files">
      <UniqueIdentifier>{0c3112da-445a-4f66-aa77-e829d317b296}</UniqueIdentifier>
    </Filter>
  </ItemGroup>
  <ItemGroup>
    <ClCompile Include="..\..\src\logging.cc">
      <Filter>Source Files</Filter>
    </ClCompile>
    <ClCompile Include="..\..\src\windows\port.cc">
      <Filter>Source Files</Filter>
    </ClCompile>
    <ClCompile Include="..\..\src\raw_logging.cc">
      <Filter>Source Files</Filter>
    </ClCompile>
    <ClCompile Include="..\..\src\utilities.cc">
      <Filter>Source Files</Filter>
    </ClCompile>
    <ClCompile Include="..\..\src\vlog_is_on.cc">
      <Filter>Source Files</Filter>
    </ClCompile>
    <ClCompile Include="..\..\..\chromium\base\debug\stack_trace.cc">
      <Filter>Chromium Source Files</Filter>
    </ClCompile>
    <ClCompile Include="..\..\..\chromium\base\debug\stack_trace_win.cc">
      <Filter>Chromium Source Files</Filter>
    </ClCompile>
    <ClCompile Include="..\..\..\chromium\base\process\launch_win.cc">
      <Filter>Chromium Source Files</Filter>
    </ClCompile>
    <ClCompile Include="..\..\..\chromium\base\files\file_path.cc">
      <Filter>Chromium Source Files</Filter>
    </ClCompile>
    <ClCompile Include="..\..\..\chromium\base\strings\string_util.cc">
      <Filter>Chromium Source Files</Filter>
    </ClCompile>
    <ClCompile Include="..\..\..\chromium\base\synchronization\lock.cc">
      <Filter>Chromium Source Files</Filter>
    </ClCompile>
    <ClCompile Include="..\..\..\chromium\base\files\file_path_constants.cc">
      <Filter>Chromium Source Files</Filter>
    </ClCompile>
    <ClCompile Include="..\..\..\chromium\base\memory\singleton.cc">
      <Filter>Chromium Source Files</Filter>
    </ClCompile>
    <ClCompile Include="..\..\..\chromium\base\synchronization\lock_impl_win.cc">
      <Filter>Chromium Source Files</Filter>
    </ClCompile>
    <ClCompile Include="..\..\..\chromium\base\strings\string_util_constants.cc">
      <Filter>Chromium Source Files</Filter>
    </ClCompile>
    <ClCompile Include="..\..\..\chromium\base\threading\platform_thread_win.cc">
      <Filter>Chromium Source Files</Filter>
    </ClCompile>
    <ClCompile Include="..\..\..\chromium\base\strings\string_piece.cc">
      <Filter>Chromium Source Files</Filter>
    </ClCompile>
    <ClCompile Include="..\..\src\symbolize.cc">
      <Filter>Source Files</Filter>
    </ClCompile>
    <ClCompile Include="..\..\src\demangle.cc">
      <Filter>Source Files</Filter>
    </ClCompile>
    <ClCompile Include="..\..\src\signalhandler.cc">
      <Filter>Source Files</Filter>
    </ClCompile>
  </ItemGroup>
  <ItemGroup>
    <ClInclude Include="..\..\src\base\commandlineflags.h">
      <Filter>Header Files</Filter>
    </ClInclude>
    <ClInclude Include="..\..\src\windows\config.h">
      <Filter>Header Files</Filter>
    </ClInclude>
    <ClInclude Include="..\..\src\base\googleinit.h">
      <Filter>Header Files</Filter>
    </ClInclude>
    <ClInclude Include="..\..\src\windows\glog\log_severity.h">
      <Filter>Header Files</Filter>
    </ClInclude>
    <ClInclude Include="..\..\src\windows\glog\logging.h">
      <Filter>Header Files</Filter>
    </ClInclude>
    <ClInclude Include="..\..\src\base\mutex.h">
      <Filter>Header Files</Filter>
    </ClInclude>
    <ClInclude Include="..\..\src\windows\port.h">
      <Filter>Header Files</Filter>
    </ClInclude>
    <ClInclude Include="..\..\src\windows\glog\raw_logging.h">
      <Filter>Header Files</Filter>
    </ClInclude>
    <ClInclude Include="..\..\src\windows\glog\stl_logging.h">
      <Filter>Header Files</Filter>
    </ClInclude>
    <ClInclude Include="..\..\src\utilities.h">
      <Filter>Header Files</Filter>
    </ClInclude>
    <ClInclude Include="..\..\src\windows\glog\vlog_is_on.h">
      <Filter>Header Files</Filter>
    </ClInclude>
    <ClInclude Include="..\..\..\chromium\base\debug\stack_trace.h">
      <Filter>Chromium Header Files</Filter>
    </ClInclude>
    <ClInclude Include="..\..\..\chromium\base\base_export.h">
      <Filter>Chromium Header Files</Filter>
    </ClInclude>
    <ClInclude Include="..\..\..\chromium\build\build_config.h">
      <Filter>Chromium Header Files</Filter>
    </ClInclude>
    <ClInclude Include="..\..\..\chromium\base\basictypes.h">
      <Filter>Chromium Header Files</Filter>
    </ClInclude>
    <ClInclude Include="..\..\..\chromium\base\memory\singleton.h">
      <Filter>Chromium Header Files</Filter>
    </ClInclude>
    <ClInclude Include="..\..\..\chromium\base\files\file_path.h">
      <Filter>Chromium Header Files</Filter>
    </ClInclude>
    <ClInclude Include="..\..\..\chromium\base\process\launch.h">
      <Filter>Chromium Header Files</Filter>
    </ClInclude>
    <ClInclude Include="..\..\..\chromium\base\macros.h">
      <Filter>Chromium Header Files</Filter>
    </ClInclude>
    <ClInclude Include="..\..\..\chromium\base\port.h">
      <Filter>Chromium Header Files</Filter>
    </ClInclude>
    <ClInclude Include="..\..\..\chromium\base\strings\string_util.h">
      <Filter>Chromium Header Files</Filter>
    </ClInclude>
    <ClInclude Include="..\..\..\chromium\base\synchronization\lock.h">
      <Filter>Chromium Header Files</Filter>
    </ClInclude>
    <ClInclude Include="..\..\..\chromium\base\synchronization\lock_impl.h">
      <Filter>Chromium Header Files</Filter>
    </ClInclude>
    <ClInclude Include="..\..\..\chromium\base\strings\string_piece.h">
      <Filter>Chromium Header Files</Filter>
    </ClInclude>
    <ClInclude Include="..\..\..\chromium\base\atomicops.h">
      <Filter>Chromium Header Files</Filter>
    </ClInclude>
    <ClInclude Include="..\..\..\chromium\base\memory\aligned_memory.h">
      <Filter>Chromium Header Files</Filter>
    </ClInclude>
    <ClInclude Include="..\..\..\chromium\base\third_party\dynamic_annotations\dynamic_annotations.h">
      <Filter>Chromium Header Files</Filter>
    </ClInclude>
    <ClInclude Include="..\..\..\chromium\base\threading\platform_thread.h">
      <Filter>Chromium Header Files</Filter>
    </ClInclude>
    <ClInclude Include="..\..\..\chromium\base\compiler_specific.h">
      <Filter>Chromium Header Files</Filter>
    </ClInclude>
    <ClInclude Include="..\..\..\chromium\base\strings\string16.h">
      <Filter>Chromium Header Files</Filter>
    </ClInclude>
    <ClInclude Include="..\..\..\chromium\base\strings\string_util_win.h">
      <Filter>Chromium Header Files</Filter>
    </ClInclude>
    <ClInclude Include="..\..\src\stacktrace.h">
      <Filter>Header Files</Filter>
    </ClInclude>
    <ClInclude Include="..\..\src\stacktrace_win-inl.h">
      <Filter>Header Files</Filter>
    </ClInclude>
    <ClInclude Include="..\..\src\symbolize.h">
      <Filter>Header Files</Filter>
    </ClInclude>
    <ClInclude Include="..\..\src\demangle.h">
      <Filter>Header Files</Filter>
    </ClInclude>
  </ItemGroup>
</Project>